
Microsoft Visual Studio Solution File, Format Version 12.00
# Visual Studio 14
VisualStudioVersion = 14.0.25420.1
MinimumVisualStudioVersion = 10.0.40219.1
Project("{FAE04EC0-301F-11D3-BF4B-00C04F79EFBC}") = "RoslynSpike", "RoslynSpike\RoslynSpike.csproj", "{2D71C7D5-E939-4C29-A0A5-D5FD01D7F6AA}"
EndProject
Global
	GlobalSection(SolutionConfigurationPlatforms) = preSolution
		Debug|Any CPU = Debug|Any CPU
		Release|Any CPU = Release|Any CPU
	EndGlobalSection
	GlobalSection(ProjectConfigurationPlatforms) = postSolution
		{2D71C7D5-E939-4C29-A0A5-D5FD01D7F6AA}.Debug|Any CPU.ActiveCfg = Debug|Any CPU
		{2D71C7D5-E939-4C29-A0A5-D5FD01D7F6AA}.Debug|Any CPU.Build.0 = Debug|Any CPU
		{2D71C7D5-E939-4C29-A0A5-D5FD01D7F6AA}.Release|Any CPU.ActiveCfg = Release|Any CPU
		{2D71C7D5-E939-4C29-A0A5-D5FD01D7F6AA}.Release|Any CPU.Build.0 = Release|Any CPU
	EndGlobalSection
	GlobalSection(SolutionProperties) = preSolution
		HideSolutionNode = FALSE
	EndGlobalSection
EndGlobal
